
Microsoft Visual Studio Solution File, Format Version 12.00
# Visual Studio 2012
Project("{8BC9CEB8-8B4A-11D0-8D11-00A0C91BC942}") = "immutable_string", "immutable_string.vcxproj", "{AA61D56A-C219-471B-BD80-9D78AEE0540B}"
EndProject
Global
	GlobalSection(SolutionConfigurationPlatforms) = preSolution
		Debug|Win32 = Debug|Win32
		Release|Win32 = Release|Win32
	EndGlobalSection
	GlobalSection(ProjectConfigurationPlatforms) = postSolution
		{AA61D56A-C219-471B-BD80-9D78AEE0540B}.Debug|Win32.ActiveCfg = Debug|Win32
		{AA61D56A-C219-471B-BD80-9D78AEE0540B}.Debug|Win32.Build.0 = Debug|Win32
		{AA61D56A-C219-471B-BD80-9D78AEE0540B}.Release|Win32.ActiveCfg = Release|Win32
		{AA61D56A-C219-471B-BD80-9D78AEE0540B}.Release|Win32.Build.0 = Release|Win32
	EndGlobalSection
	GlobalSection(SolutionProperties) = preSolution
		HideSolutionNode = FALSE
	EndGlobalSection
EndGlobal
